// !$*UTF8*$!
{
	archiveVersion = 1;
	classes = {
	};
	objectVersion = 77;
	objects = {

/* Begin PBXBuildFile section */
		12C7B2333C6705FAB264A838 /* CityBoardView.swift in Sources */ = {isa = PBXBuildFile; fileRef = ECE7AAAE5D802100C75D8B47 /* CityBoardView.swift */; };
		1331CFBFE276B18C51077459 /* GameBackendClient.swift in Sources */ = {isa = PBXBuildFile; fileRef = A775C06F56AB6C311C6BDAC4 /* GameBackendClient.swift */; };
		18F5EFB3944EEBDC19F55C52 /* TerraTreadModels.swift in Sources */ = {isa = PBXBuildFile; fileRef = 5C6DD96EE04A5964A3DC3091 /* TerraTreadModels.swift */; };
		45CC41A2C38087FAD5F74F20 /* AuthWebSheet.swift in Sources */ = {isa = PBXBuildFile; fileRef = 46D4520DAB196275A600D30E /* AuthWebSheet.swift */; };
		6B4557E891DEC8E9320494B1 /* GameEngine.swift in Sources */ = {isa = PBXBuildFile; fileRef = 2078EC3F3638FEE86696DA71 /* GameEngine.swift */; };
		7DBBB8B4EE5A79B727EE550B /* AppConfiguration.swift in Sources */ = {isa = PBXBuildFile; fileRef = 7F708A204922AD36DB484958 /* AppConfiguration.swift */; };
		7EBFD8C6E2FA77D83101AF21 /* TerraTreadViewerApp.swift in Sources */ = {isa = PBXBuildFile; fileRef = 211ECC31F9F36A986C17E341 /* TerraTreadViewerApp.swift */; };
		8180D29B61DA32668C4D8604 /* StepSyncService.swift in Sources */ = {isa = PBXBuildFile; fileRef = 126BE4827A6A9765BFBF52C5 /* StepSyncService.swift */; };
		8D1414167D4A3787A61AF035 /* Assets.xcassets in Resources */ = {isa = PBXBuildFile; fileRef = BC40E145531ABF339BCDF790 /* Assets.xcassets */; };
		A4E1D00F11FFD9BCFC8D3AE9 /* GamePersistence.swift in Sources */ = {isa = PBXBuildFile; fileRef = CCDA97BB3111C9F7206A3D7B /* GamePersistence.swift */; };
		B361D9A0B6F3B00ED491BFBF /* TerraTreadGameView.swift in Sources */ = {isa = PBXBuildFile; fileRef = 91698B561C0DB80A0D3C4EB1 /* TerraTreadGameView.swift */; };
		E05B2721DA97414EFE640020 /* GameStore.swift in Sources */ = {isa = PBXBuildFile; fileRef = 089F78F983BFC26906D7F5CB /* GameStore.swift */; };
/* End PBXBuildFile section */

/* Begin PBXFileReference section */
		02A9B1FE87595E4F76BE8A22 /* Debug.xcconfig */ = {isa = PBXFileReference; lastKnownFileType = text.xcconfig; path = Debug.xcconfig; sourceTree = "<group>"; };
		089F78F983BFC26906D7F5CB /* GameStore.swift */ = {isa = PBXFileReference; lastKnownFileType = sourcecode.swift; path = GameStore.swift; sourceTree = "<group>"; };
		126BE4827A6A9765BFBF52C5 /* StepSyncService.swift */ = {isa = PBXFileReference; lastKnownFileType = sourcecode.swift; path = StepSyncService.swift; sourceTree = "<group>"; };
		2078EC3F3638FEE86696DA71 /* GameEngine.swift */ = {isa = PBXFileReference; lastKnownFileType = sourcecode.swift; path = GameEngine.swift; sourceTree = "<group>"; };
		211ECC31F9F36A986C17E341 /* TerraTreadViewerApp.swift */ = {isa = PBXFileReference; lastKnownFileType = sourcecode.swift; path = TerraTreadViewerApp.swift; sourceTree = "<group>"; };
		3D595396ECE3CCC0B4D4A6A5 /* Release.xcconfig */ = {isa = PBXFileReference; lastKnownFileType = text.xcconfig; path = Release.xcconfig; sourceTree = "<group>"; };
		46D4520DAB196275A600D30E /* AuthWebSheet.swift */ = {isa = PBXFileReference; lastKnownFileType = sourcecode.swift; path = AuthWebSheet.swift; sourceTree = "<group>"; };
		5C6DD96EE04A5964A3DC3091 /* TerraTreadModels.swift */ = {isa = PBXFileReference; lastKnownFileType = sourcecode.swift; path = TerraTreadModels.swift; sourceTree = "<group>"; };
		7F708A204922AD36DB484958 /* AppConfiguration.swift */ = {isa = PBXFileReference; lastKnownFileType = sourcecode.swift; path = AppConfiguration.swift; sourceTree = "<group>"; };
		91698B561C0DB80A0D3C4EB1 /* TerraTreadGameView.swift */ = {isa = PBXFileReference; lastKnownFileType = sourcecode.swift; path = TerraTreadGameView.swift; sourceTree = "<group>"; };
		A775C06F56AB6C311C6BDAC4 /* GameBackendClient.swift */ = {isa = PBXFileReference; lastKnownFileType = sourcecode.swift; path = GameBackendClient.swift; sourceTree = "<group>"; };
		AAA4D53E0D1DF5757E8CEB81 /* Info.plist */ = {isa = PBXFileReference; lastKnownFileType = text.plist; path = Info.plist; sourceTree = "<group>"; };
		BC40E145531ABF339BCDF790 /* Assets.xcassets */ = {isa = PBXFileReference; lastKnownFileType = folder; name = Assets.xcassets; path = TerraTreadViewer/Assets.xcassets; sourceTree = SOURCE_ROOT; };
		CCDA97BB3111C9F7206A3D7B /* GamePersistence.swift */ = {isa = PBXFileReference; lastKnownFileType = sourcecode.swift; path = GamePersistence.swift; sourceTree = "<group>"; };
		D33D56C76EB8BBD402E4C3E5 /* TerraTread.app */ = {isa = PBXFileReference; explicitFileType = wrapper.application; includeInIndex = 0; path = TerraTread.app; sourceTree = BUILT_PRODUCTS_DIR; };
		ECE7AAAE5D802100C75D8B47 /* CityBoardView.swift */ = {isa = PBXFileReference; lastKnownFileType = sourcecode.swift; path = CityBoardView.swift; sourceTree = "<group>"; };
/* End PBXFileReference section */

/* Begin PBXGroup section */
		13B04F3F931ECD78DD0C5A21 /* Products */ = {
			isa = PBXGroup;
			children = (
				D33D56C76EB8BBD402E4C3E5 /* TerraTread.app */,
			);
			name = Products;
			sourceTree = "<group>";
		};
		91D61A1FA00906FE8254D06B = {
			isa = PBXGroup;
			children = (
				BC40E145531ABF339BCDF790 /* Assets.xcassets */,
				ECD1E962D46D98156B41CBEC /* Configs */,
				D55E9D1792E9E983883E310C /* TerraTreadViewer */,
				13B04F3F931ECD78DD0C5A21 /* Products */,
			);
			sourceTree = "<group>";
		};
		D55E9D1792E9E983883E310C /* TerraTreadViewer */ = {
			isa = PBXGroup;
			children = (
				7F708A204922AD36DB484958 /* AppConfiguration.swift */,
				46D4520DAB196275A600D30E /* AuthWebSheet.swift */,
				ECE7AAAE5D802100C75D8B47 /* CityBoardView.swift */,
				A775C06F56AB6C311C6BDAC4 /* GameBackendClient.swift */,
				2078EC3F3638FEE86696DA71 /* GameEngine.swift */,
				CCDA97BB3111C9F7206A3D7B /* GamePersistence.swift */,
				089F78F983BFC26906D7F5CB /* GameStore.swift */,
				AAA4D53E0D1DF5757E8CEB81 /* Info.plist */,
				126BE4827A6A9765BFBF52C5 /* StepSyncService.swift */,
				91698B561C0DB80A0D3C4EB1 /* TerraTreadGameView.swift */,
				5C6DD96EE04A5964A3DC3091 /* TerraTreadModels.swift */,
				211ECC31F9F36A986C17E341 /* TerraTreadViewerApp.swift */,
			);
			path = TerraTreadViewer;
			sourceTree = "<group>";
		};
		ECD1E962D46D98156B41CBEC /* Configs */ = {
			isa = PBXGroup;
			children = (
				02A9B1FE87595E4F76BE8A22 /* Debug.xcconfig */,
				3D595396ECE3CCC0B4D4A6A5 /* Release.xcconfig */,
			);
			path = Configs;
			sourceTree = "<group>";
		};
/* End PBXGroup section */

/* Begin PBXNativeTarget section */
		5BD4DB706A74CFC4AB510185 /* TerraTread */ = {
			isa = PBXNativeTarget;
			buildConfigurationList = 9FA11E9AF55E3106D25C13C2 /* Build configuration list for PBXNativeTarget "TerraTread" */;
			buildPhases = (
				D5FB25FAB8D2AE3287C08702 /* Sources */,
				97FC492B25CB966A85028568 /* Resources */,
			);
			buildRules = (
			);
			dependencies = (
			);
			name = TerraTread;
			packageProductDependencies = (
			);
			productName = TerraTread;
			productReference = D33D56C76EB8BBD402E4C3E5 /* TerraTread.app */;
			productType = "com.apple.product-type.application";
		};
/* End PBXNativeTarget section */

/* Begin PBXProject section */
		609AB633868CA3371EABF7A6 /* Project object */ = {
			isa = PBXProject;
			attributes = {
				BuildIndependentTargetsInParallel = YES;
				LastUpgradeCheck = 1430;
				TargetAttributes = {
					5BD4DB706A74CFC4AB510185 = {
						ProvisioningStyle = Automatic;
					};
				};
			};
			buildConfigurationList = C3C428131598F3E656539715 /* Build configuration list for PBXProject "TerraTreadViewer" */;
			developmentRegion = en;
			hasScannedForEncodings = 0;
			knownRegions = (
				Base,
				en,
			);
			mainGroup = 91D61A1FA00906FE8254D06B;
			minimizedProjectReferenceProxies = 1;
			preferredProjectObjectVersion = 77;
			productRefGroup = 13B04F3F931ECD78DD0C5A21 /* Products */;
			projectDirPath = "";
			projectRoot = "";
			targets = (
				5BD4DB706A74CFC4AB510185 /* TerraTread */,
			);
		};
/* End PBXProject section */

/* Begin PBXResourcesBuildPhase section */
		97FC492B25CB966A85028568 /* Resources */ = {
			isa = PBXResourcesBuildPhase;
			buildActionMask = 2147483647;
			files = (
				8D1414167D4A3787A61AF035 /* Assets.xcassets in Resources */,
			);
			runOnlyForDeploymentPostprocessing = 0;
		};
/* End PBXResourcesBuildPhase section */

/* Begin PBXSourcesBuildPhase section */
		D5FB25FAB8D2AE3287C08702 /* Sources */ = {
			isa = PBXSourcesBuildPhase;
			buildActionMask = 2147483647;
			files = (
				7DBBB8B4EE5A79B727EE550B /* AppConfiguration.swift in Sources */,
				45CC41A2C38087FAD5F74F20 /* AuthWebSheet.swift in Sources */,
				12C7B2333C6705FAB264A838 /* CityBoardView.swift in Sources */,
				1331CFBFE276B18C51077459 /* GameBackendClient.swift in Sources */,
				6B4557E891DEC8E9320494B1 /* GameEngine.swift in Sources */,
				A4E1D00F11FFD9BCFC8D3AE9 /* GamePersistence.swift in Sources */,
				E05B2721DA97414EFE640020 /* GameStore.swift in Sources */,
				8180D29B61DA32668C4D8604 /* StepSyncService.swift in Sources */,
				B361D9A0B6F3B00ED491BFBF /* TerraTreadGameView.swift in Sources */,
				18F5EFB3944EEBDC19F55C52 /* TerraTreadModels.swift in Sources */,
				7EBFD8C6E2FA77D83101AF21 /* TerraTreadViewerApp.swift in Sources */,
			);
			runOnlyForDeploymentPostprocessing = 0;
		};
/* End PBXSourcesBuildPhase section */

/* Begin XCBuildConfiguration section */
		1869A5B36C15753E20160080 /* Debug */ = {
			isa = XCBuildConfiguration;
			baseConfigurationReference = 02A9B1FE87595E4F76BE8A22 /* Debug.xcconfig */;
			buildSettings = {
				ASSETCATALOG_COMPILER_APPICON_NAME = AppIcon;
				CODE_SIGN_IDENTITY = "iPhone Developer";
				DEVELOPMENT_TEAM = DUC3W4FH49;
				INFOPLIST_FILE = TerraTreadViewer/Info.plist;
				INFOPLIST_KEY_CFBundleDisplayName = "Terra Tread";
				INFOPLIST_KEY_LSRequiresIPhoneOS = YES;
				INFOPLIST_KEY_NSAppTransportSecurity_NSAllowsArbitraryLoadsInWebContent = YES;
				INFOPLIST_KEY_NSAppTransportSecurity_NSAllowsLocalNetworking = YES;
				INFOPLIST_KEY_NSMotionUsageDescription = "Terra Tread uses your daily step count to power the city builder.";
				INFOPLIST_KEY_UIApplicationSupportsIndirectInputEvents = YES;
				INFOPLIST_KEY_UILaunchScreen = "[:]";
				INFOPLIST_KEY_UIRequiresFullScreen = NO;
				INFOPLIST_KEY_UISupportedInterfaceOrientations = "UIInterfaceOrientationPortrait UIInterfaceOrientationLandscapeLeft UIInterfaceOrientationLandscapeRight";
				INFOPLIST_KEY_UISupportedInterfaceOrientations_iPad = "UIInterfaceOrientationPortrait UIInterfaceOrientationPortraitUpsideDown UIInterfaceOrientationLandscapeLeft UIInterfaceOrientationLandscapeRight";
				LD_RUNPATH_SEARCH_PATHS = (
					"$(inherited)",
					"@executable_path/Frameworks",
				);
				PRODUCT_BUNDLE_IDENTIFIER = com.terratread.viewer;
				SDKROOT = iphoneos;
				TARGETED_DEVICE_FAMILY = "1,2";
			};
			name = Debug;
		};
		329CA54AF509D042A72C6177 /* Release */ = {
			isa = XCBuildConfiguration;
			baseConfigurationReference = 3D595396ECE3CCC0B4D4A6A5 /* Release.xcconfig */;
			buildSettings = {
				ASSETCATALOG_COMPILER_APPICON_NAME = AppIcon;
				CODE_SIGN_IDENTITY = "iPhone Developer";
				DEVELOPMENT_TEAM = DUC3W4FH49;
				INFOPLIST_FILE = TerraTreadViewer/Info.plist;
				INFOPLIST_KEY_CFBundleDisplayName = "Terra Tread";
				INFOPLIST_KEY_LSRequiresIPhoneOS = YES;
				INFOPLIST_KEY_NSAppTransportSecurity_NSAllowsArbitraryLoadsInWebContent = YES;
				INFOPLIST_KEY_NSAppTransportSecurity_NSAllowsLocalNetworking = YES;
				INFOPLIST_KEY_NSMotionUsageDescription = "Terra Tread uses your daily step count to power the city builder.";
				INFOPLIST_KEY_UIApplicationSupportsIndirectInputEvents = YES;
				INFOPLIST_KEY_UILaunchScreen = "[:]";
				INFOPLIST_KEY_UIRequiresFullScreen = NO;
				INFOPLIST_KEY_UISupportedInterfaceOrientations = "UIInterfaceOrientationPortrait UIInterfaceOrientationLandscapeLeft UIInterfaceOrientationLandscapeRight";
				INFOPLIST_KEY_UISupportedInterfaceOrientations_iPad = "UIInterfaceOrientationPortrait UIInterfaceOrientationPortraitUpsideDown UIInterfaceOrientationLandscapeLeft UIInterfaceOrientationLandscapeRight";
				LD_RUNPATH_SEARCH_PATHS = (
					"$(inherited)",
					"@executable_path/Frameworks",
				);
				PRODUCT_BUNDLE_IDENTIFIER = com.terratread.viewer;
				SDKROOT = iphoneos;
				TARGETED_DEVICE_FAMILY = "1,2";
			};
			name = Release;
		};
		3FE3841260EEDA51BEB7D4C2 /* Release */ = {
			isa = XCBuildConfiguration;
			buildSettings = {
				ALWAYS_SEARCH_USER_PATHS = NO;
				ASSETCATALOG_COMPILER_APPICON_NAME = AppIcon;
				CLANG_ANALYZER_NONNULL = YES;
				CLANG_ANALYZER_NUMBER_OBJECT_CONVERSION = YES_AGGRESSIVE;
				CLANG_CXX_LANGUAGE_STANDARD = "gnu++14";
				CLANG_CXX_LIBRARY = "libc++";
				CLANG_ENABLE_MODULES = YES;
				CLANG_ENABLE_OBJC_ARC = YES;
				CLANG_ENABLE_OBJC_WEAK = YES;
				CLANG_WARN_BLOCK_CAPTURE_AUTORELEASING = YES;
				CLANG_WARN_BOOL_CONVERSION = YES;
				CLANG_WARN_COMMA = YES;
				CLANG_WARN_CONSTANT_CONVERSION = YES;
				CLANG_WARN_DEPRECATED_OBJC_IMPLEMENTATIONS = YES;
				CLANG_WARN_DIRECT_OBJC_ISA_USAGE = YES_ERROR;
				CLANG_WARN_DOCUMENTATION_COMMENTS = YES;
				CLANG_WARN_EMPTY_BODY = YES;
				CLANG_WARN_ENUM_CONVERSION = YES;
				CLANG_WARN_INFINITE_RECURSION = YES;
				CLANG_WARN_INT_CONVERSION = YES;
				CLANG_WARN_NON_LITERAL_NULL_CONVERSION = YES;
				CLANG_WARN_OBJC_IMPLICIT_RETAIN_SELF = YES;
				CLANG_WARN_OBJC_LITERAL_CONVERSION = YES;
				CLANG_WARN_OBJC_ROOT_CLASS = YES_ERROR;
				CLANG_WARN_QUOTED_INCLUDE_IN_FRAMEWORK_HEADER = YES;
				CLANG_WARN_RANGE_LOOP_ANALYSIS = YES;
				CLANG_WARN_STRICT_PROTOTYPES = YES;
				CLANG_WARN_SUSPICIOUS_MOVE = YES;
				CLANG_WARN_UNGUARDED_AVAILABILITY = YES_AGGRESSIVE;
				CLANG_WARN_UNREACHABLE_CODE = YES;
				CLANG_WARN__DUPLICATE_METHOD_MATCH = YES;
				CODE_SIGN_STYLE = Automatic;
				COPY_PHASE_STRIP = NO;
				CURRENT_PROJECT_VERSION = 1;
				DEBUG_INFORMATION_FORMAT = "dwarf-with-dsym";
				DEVELOPMENT_TEAM = "";
				ENABLE_NS_ASSERTIONS = NO;
				ENABLE_PREVIEWS = YES;
				ENABLE_STRICT_OBJC_MSGSEND = YES;
				GCC_C_LANGUAGE_STANDARD = gnu11;
				GCC_NO_COMMON_BLOCKS = YES;
				GCC_WARN_64_TO_32_BIT_CONVERSION = YES;
				GCC_WARN_ABOUT_RETURN_TYPE = YES_ERROR;
				GCC_WARN_UNDECLARED_SELECTOR = YES;
				GCC_WARN_UNINITIALIZED_AUTOS = YES_AGGRESSIVE;
				GCC_WARN_UNUSED_FUNCTION = YES;
				GCC_WARN_UNUSED_VARIABLE = YES;
				INFOPLIST_FILE = TerraTreadViewer/Info.plist;
				IPHONEOS_DEPLOYMENT_TARGET = 17.0;
				MARKETING_VERSION = 1.0;
				MTL_ENABLE_DEBUG_INFO = NO;
				MTL_FAST_MATH = YES;
				PRODUCT_BUNDLE_IDENTIFIER = com.terratread.viewer;
				PRODUCT_NAME = TerraTread;
				SDKROOT = iphoneos;
				SUPPORTS_MACCATALYST = NO;
				SWIFT_COMPILATION_MODE = wholemodule;
				SWIFT_OPTIMIZATION_LEVEL = "-O";
				SWIFT_VERSION = 6.0;
				TARGETED_DEVICE_FAMILY = "1,2";
			};
			name = Release;
		};
		DF54931A3032F7289174EE28 /* Debug */ = {
			isa = XCBuildConfiguration;
			buildSettings = {
				ALWAYS_SEARCH_USER_PATHS = NO;
				ASSETCATALOG_COMPILER_APPICON_NAME = AppIcon;
				CLANG_ANALYZER_NONNULL = YES;
				CLANG_ANALYZER_NUMBER_OBJECT_CONVERSION = YES_AGGRESSIVE;
				CLANG_CXX_LANGUAGE_STANDARD = "gnu++14";
				CLANG_CXX_LIBRARY = "libc++";
				CLANG_ENABLE_MODULES = YES;
				CLANG_ENABLE_OBJC_ARC = YES;
				CLANG_ENABLE_OBJC_WEAK = YES;
				CLANG_WARN_BLOCK_CAPTURE_AUTORELEASING = YES;
				CLANG_WARN_BOOL_CONVERSION = YES;
				CLANG_WARN_COMMA = YES;
				CLANG_WARN_CONSTANT_CONVERSION = YES;
				CLANG_WARN_DEPRECATED_OBJC_IMPLEMENTATIONS = YES;
				CLANG_WARN_DIRECT_OBJC_ISA_USAGE = YES_ERROR;
				CLANG_WARN_DOCUMENTATION_COMMENTS = YES;
				CLANG_WARN_EMPTY_BODY = YES;
				CLANG_WARN_ENUM_CONVERSION = YES;
				CLANG_WARN_INFINITE_RECURSION = YES;
				CLANG_WARN_INT_CONVERSION = YES;
				CLANG_WARN_NON_LITERAL_NULL_CONVERSION = YES;
				CLANG_WARN_OBJC_IMPLICIT_RETAIN_SELF = YES;
				CLANG_WARN_OBJC_LITERAL_CONVERSION = YES;
				CLANG_WARN_OBJC_ROOT_CLASS = YES_ERROR;
				CLANG_WARN_QUOTED_INCLUDE_IN_FRAMEWORK_HEADER = YES;
				CLANG_WARN_RANGE_LOOP_ANALYSIS = YES;
				CLANG_WARN_STRICT_PROTOTYPES = YES;
				CLANG_WARN_SUSPICIOUS_MOVE = YES;
				CLANG_WARN_UNGUARDED_AVAILABILITY = YES_AGGRESSIVE;
				CLANG_WARN_UNREACHABLE_CODE = YES;
				CLANG_WARN__DUPLICATE_METHOD_MATCH = YES;
				CODE_SIGN_STYLE = Automatic;
				COPY_PHASE_STRIP = NO;
				CURRENT_PROJECT_VERSION = 1;
				DEBUG_INFORMATION_FORMAT = dwarf;
				DEVELOPMENT_TEAM = "";
				ENABLE_PREVIEWS = YES;
				ENABLE_STRICT_OBJC_MSGSEND = YES;
				ENABLE_TESTABILITY = YES;
				GCC_C_LANGUAGE_STANDARD = gnu11;
				GCC_DYNAMIC_NO_PIC = NO;
				GCC_NO_COMMON_BLOCKS = YES;
				GCC_OPTIMIZATION_LEVEL = 0;
				GCC_PREPROCESSOR_DEFINITIONS = (
					"$(inherited)",
					"DEBUG=1",
				);
				GCC_WARN_64_TO_32_BIT_CONVERSION = YES;
				GCC_WARN_ABOUT_RETURN_TYPE = YES_ERROR;
				GCC_WARN_UNDECLARED_SELECTOR = YES;
				GCC_WARN_UNINITIALIZED_AUTOS = YES_AGGRESSIVE;
				GCC_WARN_UNUSED_FUNCTION = YES;
				GCC_WARN_UNUSED_VARIABLE = YES;
				INFOPLIST_FILE = TerraTreadViewer/Info.plist;
				IPHONEOS_DEPLOYMENT_TARGET = 17.0;
				MARKETING_VERSION = 1.0;
				MTL_ENABLE_DEBUG_INFO = INCLUDE_SOURCE;
				MTL_FAST_MATH = YES;
				ONLY_ACTIVE_ARCH = YES;
				PRODUCT_BUNDLE_IDENTIFIER = com.terratread.viewer;
				PRODUCT_NAME = TerraTread;
				SDKROOT = iphoneos;
				SUPPORTS_MACCATALYST = NO;
				SWIFT_ACTIVE_COMPILATION_CONDITIONS = DEBUG;
				SWIFT_OPTIMIZATION_LEVEL = "-Onone";
				SWIFT_VERSION = 6.0;
				TARGETED_DEVICE_FAMILY = "1,2";
			};
			name = Debug;
		};
/* End XCBuildConfiguration section */

/* Begin XCConfigurationList section */
		9FA11E9AF55E3106D25C13C2 /* Build configuration list for PBXNativeTarget "TerraTread" */ = {
			isa = XCConfigurationList;
			buildConfigurations = (
				1869A5B36C15753E20160080 /* Debug */,
				329CA54AF509D042A72C6177 /* Release */,
			);
			defaultConfigurationIsVisible = 0;
			defaultConfigurationName = Debug;
		};
		C3C428131598F3E656539715 /* Build configuration list for PBXProject "TerraTreadViewer" */ = {
			isa = XCConfigurationList;
			buildConfigurations = (
				DF54931A3032F7289174EE28 /* Debug */,
				3FE3841260EEDA51BEB7D4C2 /* Release */,
			);
			defaultConfigurationIsVisible = 0;
			defaultConfigurationName = Debug;
		};
/* End XCConfigurationList section */
	};
	rootObject = 609AB633868CA3371EABF7A6 /* Project object */;
}
