// !$*UTF8*$!
{
	archiveVersion = 1;
	classes = {
	};
	objectVersion = 77;
	objects = {

/* Begin PBXBuildFile section */
		0E80E92A5D11522D1B931C35 /* app in Resources */ = {isa = PBXBuildFile; fileRef = 1C5B66B12F8B62E126A22832 /* app */; };
		2131EB63AF6C53A8DBBA4653 /* login.html in Resources */ = {isa = PBXBuildFile; fileRef = F2654339E9A45216DE5FCF72 /* login.html */; };
		2AE07D4C10C3B4862C7A81E8 /* StepSyncService.swift in Sources */ = {isa = PBXBuildFile; fileRef = 126BE4827A6A9765BFBF52C5 /* StepSyncService.swift */; };
		4CD87AEC58EBDECA204DBBF0 /* TerraTreadViewerApp.swift in Sources */ = {isa = PBXBuildFile; fileRef = 211ECC31F9F36A986C17E341 /* TerraTreadViewerApp.swift */; };
		71320E447F8C9C12C32930BB /* index.html in Resources */ = {isa = PBXBuildFile; fileRef = A45E5B56420CF4B1B0C05E7A /* index.html */; };
		760E0AE6FCE9551F0FC5106D /* AppConfiguration.swift in Sources */ = {isa = PBXBuildFile; fileRef = 7F708A204922AD36DB484958 /* AppConfiguration.swift */; };
		81421770AE7E1AEB84010D62 /* TerraTreadWebView.swift in Sources */ = {isa = PBXBuildFile; fileRef = D81541006BD9A2E8F0F93680 /* TerraTreadWebView.swift */; };
		8DA4210C6923592BF75187F4 /* Assets.xcassets in Resources */ = {isa = PBXBuildFile; fileRef = BC40E145531ABF339BCDF790 /* Assets.xcassets */; };
		A0E1633803AB4070EE89AA6A /* style.css in Resources */ = {isa = PBXBuildFile; fileRef = C0E463C2A5A5D8F4D1A75AD2 /* style.css */; };
		C56B82CA3011B822372598BD /* RootView.swift in Sources */ = {isa = PBXBuildFile; fileRef = 618EACD2A56F507CA4B197EE /* RootView.swift */; };
		D861B29ADB98F16B46FF9BFC /* WebContainerViewController.swift in Sources */ = {isa = PBXBuildFile; fileRef = 9F77F3F5A3E618361E38F4F0 /* WebContainerViewController.swift */; };
		F5781F71AD8C63792A6E4D79 /* images in Resources */ = {isa = PBXBuildFile; fileRef = 1508087E0F695F250F0EA119 /* images */; };
		F66985AFA74FF60CC3200C58 /* script.js in Resources */ = {isa = PBXBuildFile; fileRef = 8C55741C71AC305D80A0134A /* script.js */; };
/* End PBXBuildFile section */

/* Begin PBXFileReference section */
		02A9B1FE87595E4F76BE8A22 /* Debug.xcconfig */ = {isa = PBXFileReference; lastKnownFileType = text.xcconfig; path = Debug.xcconfig; sourceTree = "<group>"; };
		1508087E0F695F250F0EA119 /* images */ = {isa = PBXFileReference; lastKnownFileType = folder; name = images; path = ../images; sourceTree = SOURCE_ROOT; };
		126BE4827A6A9765BFBF52C5 /* StepSyncService.swift */ = {isa = PBXFileReference; lastKnownFileType = sourcecode.swift; path = StepSyncService.swift; sourceTree = "<group>"; };
		1622AD3403441DD85359A962 /* TerraTreadViewer.app */ = {isa = PBXFileReference; explicitFileType = wrapper.application; includeInIndex = 0; path = TerraTreadViewer.app; sourceTree = BUILT_PRODUCTS_DIR; };
		1C5B66B12F8B62E126A22832 /* app */ = {isa = PBXFileReference; lastKnownFileType = folder; name = app; path = ../app; sourceTree = SOURCE_ROOT; };
		211ECC31F9F36A986C17E341 /* TerraTreadViewerApp.swift */ = {isa = PBXFileReference; lastKnownFileType = sourcecode.swift; path = TerraTreadViewerApp.swift; sourceTree = "<group>"; };
		3D595396ECE3CCC0B4D4A6A5 /* Release.xcconfig */ = {isa = PBXFileReference; lastKnownFileType = text.xcconfig; path = Release.xcconfig; sourceTree = "<group>"; };
		618EACD2A56F507CA4B197EE /* RootView.swift */ = {isa = PBXFileReference; lastKnownFileType = sourcecode.swift; path = RootView.swift; sourceTree = "<group>"; };
		7F708A204922AD36DB484958 /* AppConfiguration.swift */ = {isa = PBXFileReference; lastKnownFileType = sourcecode.swift; path = AppConfiguration.swift; sourceTree = "<group>"; };
		8C55741C71AC305D80A0134A /* script.js */ = {isa = PBXFileReference; lastKnownFileType = sourcecode.javascript; name = script.js; path = ../script.js; sourceTree = SOURCE_ROOT; };
		9F77F3F5A3E618361E38F4F0 /* WebContainerViewController.swift */ = {isa = PBXFileReference; lastKnownFileType = sourcecode.swift; path = WebContainerViewController.swift; sourceTree = "<group>"; };
		A45E5B56420CF4B1B0C05E7A /* index.html */ = {isa = PBXFileReference; lastKnownFileType = text.html; name = index.html; path = ../index.html; sourceTree = SOURCE_ROOT; };
		AAA4D53E0D1DF5757E8CEB81 /* Info.plist */ = {isa = PBXFileReference; lastKnownFileType = text.plist; path = Info.plist; sourceTree = "<group>"; };
		BC40E145531ABF339BCDF790 /* Assets.xcassets */ = {isa = PBXFileReference; lastKnownFileType = folder; name = Assets.xcassets; path = TerraTreadViewer/Assets.xcassets; sourceTree = SOURCE_ROOT; };
		C0E463C2A5A5D8F4D1A75AD2 /* style.css */ = {isa = PBXFileReference; lastKnownFileType = text.css; name = style.css; path = ../style.css; sourceTree = SOURCE_ROOT; };
		D81541006BD9A2E8F0F93680 /* TerraTreadWebView.swift */ = {isa = PBXFileReference; lastKnownFileType = sourcecode.swift; path = TerraTreadWebView.swift; sourceTree = "<group>"; };
		F2654339E9A45216DE5FCF72 /* login.html */ = {isa = PBXFileReference; lastKnownFileType = text.html; name = login.html; path = ../login.html; sourceTree = SOURCE_ROOT; };
/* End PBXFileReference section */

/* Begin PBXGroup section */
		13B04F3F931ECD78DD0C5A21 /* Products */ = {
			isa = PBXGroup;
			children = (
				1622AD3403441DD85359A962 /* TerraTreadViewer.app */,
			);
			name = Products;
			sourceTree = "<group>";
		};
		91D61A1FA00906FE8254D06B = {
			isa = PBXGroup;
			children = (
				1C5B66B12F8B62E126A22832 /* app */,
				BC40E145531ABF339BCDF790 /* Assets.xcassets */,
				ECD1E962D46D98156B41CBEC /* Configs */,
				8C55741C71AC305D80A0134A /* script.js */,
				A45E5B56420CF4B1B0C05E7A /* index.html */,
				1508087E0F695F250F0EA119 /* images */,
				F2654339E9A45216DE5FCF72 /* login.html */,
				C0E463C2A5A5D8F4D1A75AD2 /* style.css */,
				D55E9D1792E9E983883E310C /* TerraTreadViewer */,
				13B04F3F931ECD78DD0C5A21 /* Products */,
			);
			sourceTree = "<group>";
		};
		D55E9D1792E9E983883E310C /* TerraTreadViewer */ = {
			isa = PBXGroup;
			children = (
				7F708A204922AD36DB484958 /* AppConfiguration.swift */,
				AAA4D53E0D1DF5757E8CEB81 /* Info.plist */,
				618EACD2A56F507CA4B197EE /* RootView.swift */,
				126BE4827A6A9765BFBF52C5 /* StepSyncService.swift */,
				211ECC31F9F36A986C17E341 /* TerraTreadViewerApp.swift */,
				D81541006BD9A2E8F0F93680 /* TerraTreadWebView.swift */,
				9F77F3F5A3E618361E38F4F0 /* WebContainerViewController.swift */,
			);
			path = TerraTreadViewer;
			sourceTree = "<group>";
		};
		ECD1E962D46D98156B41CBEC /* Configs */ = {
			isa = PBXGroup;
			children = (
				02A9B1FE87595E4F76BE8A22 /* Debug.xcconfig */,
				3D595396ECE3CCC0B4D4A6A5 /* Release.xcconfig */,
			);
			path = Configs;
			sourceTree = "<group>";
		};
/* End PBXGroup section */

/* Begin PBXNativeTarget section */
		1D948B236A71589E3E77FED7 /* TerraTreadViewer */ = {
			isa = PBXNativeTarget;
			buildConfigurationList = 0BB8276ED76E69439F8CA97A /* Build configuration list for PBXNativeTarget "TerraTreadViewer" */;
			buildPhases = (
				27D3F044D227323B10411648 /* Sources */,
				22D4109342FA857AECF8912B /* Resources */,
			);
			buildRules = (
			);
			dependencies = (
			);
			name = TerraTreadViewer;
			packageProductDependencies = (
			);
			productName = TerraTreadViewer;
			productReference = 1622AD3403441DD85359A962 /* TerraTreadViewer.app */;
			productType = "com.apple.product-type.application";
		};
/* End PBXNativeTarget section */

/* Begin PBXProject section */
		609AB633868CA3371EABF7A6 /* Project object */ = {
			isa = PBXProject;
			attributes = {
				BuildIndependentTargetsInParallel = YES;
				LastUpgradeCheck = 1430;
				TargetAttributes = {
					1D948B236A71589E3E77FED7 = {
						ProvisioningStyle = Automatic;
					};
				};
			};
			buildConfigurationList = C3C428131598F3E656539715 /* Build configuration list for PBXProject "TerraTreadViewer" */;
			developmentRegion = en;
			hasScannedForEncodings = 0;
			knownRegions = (
				Base,
				en,
			);
			mainGroup = 91D61A1FA00906FE8254D06B;
			minimizedProjectReferenceProxies = 1;
			preferredProjectObjectVersion = 77;
			productRefGroup = 13B04F3F931ECD78DD0C5A21 /* Products */;
			projectDirPath = "";
			projectRoot = "";
			targets = (
				1D948B236A71589E3E77FED7 /* TerraTreadViewer */,
			);
		};
/* End PBXProject section */

/* Begin PBXResourcesBuildPhase section */
		22D4109342FA857AECF8912B /* Resources */ = {
			isa = PBXResourcesBuildPhase;
			buildActionMask = 2147483647;
			files = (
				71320E447F8C9C12C32930BB /* index.html in Resources */,
				2131EB63AF6C53A8DBBA4653 /* login.html in Resources */,
				F66985AFA74FF60CC3200C58 /* script.js in Resources */,
				A0E1633803AB4070EE89AA6A /* style.css in Resources */,
				0E80E92A5D11522D1B931C35 /* app in Resources */,
				F5781F71AD8C63792A6E4D79 /* images in Resources */,
				8DA4210C6923592BF75187F4 /* Assets.xcassets in Resources */,
			);
			runOnlyForDeploymentPostprocessing = 0;
		};
/* End PBXResourcesBuildPhase section */

/* Begin PBXSourcesBuildPhase section */
		27D3F044D227323B10411648 /* Sources */ = {
			isa = PBXSourcesBuildPhase;
			buildActionMask = 2147483647;
			files = (
				760E0AE6FCE9551F0FC5106D /* AppConfiguration.swift in Sources */,
				C56B82CA3011B822372598BD /* RootView.swift in Sources */,
				2AE07D4C10C3B4862C7A81E8 /* StepSyncService.swift in Sources */,
				4CD87AEC58EBDECA204DBBF0 /* TerraTreadViewerApp.swift in Sources */,
				81421770AE7E1AEB84010D62 /* TerraTreadWebView.swift in Sources */,
				D861B29ADB98F16B46FF9BFC /* WebContainerViewController.swift in Sources */,
			);
			runOnlyForDeploymentPostprocessing = 0;
		};
/* End PBXSourcesBuildPhase section */

/* Begin XCBuildConfiguration section */
		3FE3841260EEDA51BEB7D4C2 /* Release */ = {
			isa = XCBuildConfiguration;
			buildSettings = {
				ALWAYS_SEARCH_USER_PATHS = NO;
				ASSETCATALOG_COMPILER_APPICON_NAME = AppIcon;
				CLANG_ANALYZER_NONNULL = YES;
				CLANG_ANALYZER_NUMBER_OBJECT_CONVERSION = YES_AGGRESSIVE;
				CLANG_CXX_LANGUAGE_STANDARD = "gnu++14";
				CLANG_CXX_LIBRARY = "libc++";
				CLANG_ENABLE_MODULES = YES;
				CLANG_ENABLE_OBJC_ARC = YES;
				CLANG_ENABLE_OBJC_WEAK = YES;
				CLANG_WARN_BLOCK_CAPTURE_AUTORELEASING = YES;
				CLANG_WARN_BOOL_CONVERSION = YES;
				CLANG_WARN_COMMA = YES;
				CLANG_WARN_CONSTANT_CONVERSION = YES;
				CLANG_WARN_DEPRECATED_OBJC_IMPLEMENTATIONS = YES;
				CLANG_WARN_DIRECT_OBJC_ISA_USAGE = YES_ERROR;
				CLANG_WARN_DOCUMENTATION_COMMENTS = YES;
				CLANG_WARN_EMPTY_BODY = YES;
				CLANG_WARN_ENUM_CONVERSION = YES;
				CLANG_WARN_INFINITE_RECURSION = YES;
				CLANG_WARN_INT_CONVERSION = YES;
				CLANG_WARN_NON_LITERAL_NULL_CONVERSION = YES;
				CLANG_WARN_OBJC_IMPLICIT_RETAIN_SELF = YES;
				CLANG_WARN_OBJC_LITERAL_CONVERSION = YES;
				CLANG_WARN_OBJC_ROOT_CLASS = YES_ERROR;
				CLANG_WARN_QUOTED_INCLUDE_IN_FRAMEWORK_HEADER = YES;
				CLANG_WARN_RANGE_LOOP_ANALYSIS = YES;
				CLANG_WARN_STRICT_PROTOTYPES = YES;
				CLANG_WARN_SUSPICIOUS_MOVE = YES;
				CLANG_WARN_UNGUARDED_AVAILABILITY = YES_AGGRESSIVE;
				CLANG_WARN_UNREACHABLE_CODE = YES;
				CLANG_WARN__DUPLICATE_METHOD_MATCH = YES;
				CODE_SIGN_STYLE = Automatic;
				COPY_PHASE_STRIP = NO;
				CURRENT_PROJECT_VERSION = 1;
				DEBUG_INFORMATION_FORMAT = "dwarf-with-dsym";
				DEVELOPMENT_TEAM = "";
				ENABLE_NS_ASSERTIONS = NO;
				ENABLE_PREVIEWS = YES;
				ENABLE_STRICT_OBJC_MSGSEND = YES;
				GCC_C_LANGUAGE_STANDARD = gnu11;
				GCC_NO_COMMON_BLOCKS = YES;
				GCC_WARN_64_TO_32_BIT_CONVERSION = YES;
				GCC_WARN_ABOUT_RETURN_TYPE = YES_ERROR;
				GCC_WARN_UNDECLARED_SELECTOR = YES;
				GCC_WARN_UNINITIALIZED_AUTOS = YES_AGGRESSIVE;
				GCC_WARN_UNUSED_FUNCTION = YES;
				GCC_WARN_UNUSED_VARIABLE = YES;
				INFOPLIST_FILE = TerraTreadViewer/Info.plist;
				IPHONEOS_DEPLOYMENT_TARGET = 17.0;
				MARKETING_VERSION = 1.0;
				MTL_ENABLE_DEBUG_INFO = NO;
				MTL_FAST_MATH = YES;
				PRODUCT_BUNDLE_IDENTIFIER = com.terratread.viewer;
				PRODUCT_NAME = TerraTreadViewer;
				SDKROOT = iphoneos;
				SUPPORTS_MACCATALYST = NO;
				SWIFT_COMPILATION_MODE = wholemodule;
				SWIFT_OPTIMIZATION_LEVEL = "-O";
				SWIFT_VERSION = 6.0;
				TARGETED_DEVICE_FAMILY = "1,2";
			};
			name = Release;
		};
		811020A77B0CCEB0AD13ED03 /* Debug */ = {
			isa = XCBuildConfiguration;
			baseConfigurationReference = 02A9B1FE87595E4F76BE8A22 /* Debug.xcconfig */;
			buildSettings = {
				ASSETCATALOG_COMPILER_APPICON_NAME = AppIcon;
				CODE_SIGN_IDENTITY = "iPhone Developer";
				DEVELOPMENT_TEAM = DUC3W4FH49;
				INFOPLIST_FILE = TerraTreadViewer/Info.plist;
				INFOPLIST_KEY_CFBundleDisplayName = "Terra Tread";
				INFOPLIST_KEY_LSRequiresIPhoneOS = YES;
				INFOPLIST_KEY_NSAppTransportSecurity_NSAllowsArbitraryLoadsInWebContent = YES;
				INFOPLIST_KEY_NSAppTransportSecurity_NSAllowsLocalNetworking = YES;
				INFOPLIST_KEY_NSMotionUsageDescription = "Terra Tread uses your daily step count to power the city builder.";
				INFOPLIST_KEY_UIApplicationSupportsIndirectInputEvents = YES;
				INFOPLIST_KEY_UILaunchScreen = "[:]";
				INFOPLIST_KEY_UIRequiresFullScreen = NO;
				INFOPLIST_KEY_UISupportedInterfaceOrientations = "UIInterfaceOrientationPortrait UIInterfaceOrientationLandscapeLeft UIInterfaceOrientationLandscapeRight";
				INFOPLIST_KEY_UISupportedInterfaceOrientations_iPad = "UIInterfaceOrientationPortrait UIInterfaceOrientationPortraitUpsideDown UIInterfaceOrientationLandscapeLeft UIInterfaceOrientationLandscapeRight";
				LD_RUNPATH_SEARCH_PATHS = (
					"$(inherited)",
					"@executable_path/Frameworks",
				);
				PRODUCT_BUNDLE_IDENTIFIER = com.terratread.viewer;
				SDKROOT = iphoneos;
				TARGETED_DEVICE_FAMILY = "1,2";
			};
			name = Debug;
		};
		8BD6F6062F557ADBEE550856 /* Release */ = {
			isa = XCBuildConfiguration;
			baseConfigurationReference = 3D595396ECE3CCC0B4D4A6A5 /* Release.xcconfig */;
			buildSettings = {
				ASSETCATALOG_COMPILER_APPICON_NAME = AppIcon;
				CODE_SIGN_IDENTITY = "iPhone Developer";
				DEVELOPMENT_TEAM = DUC3W4FH49;
				INFOPLIST_FILE = TerraTreadViewer/Info.plist;
				INFOPLIST_KEY_CFBundleDisplayName = "Terra Tread";
				INFOPLIST_KEY_LSRequiresIPhoneOS = YES;
				INFOPLIST_KEY_NSAppTransportSecurity_NSAllowsArbitraryLoadsInWebContent = YES;
				INFOPLIST_KEY_NSAppTransportSecurity_NSAllowsLocalNetworking = YES;
				INFOPLIST_KEY_NSMotionUsageDescription = "Terra Tread uses your daily step count to power the city builder.";
				INFOPLIST_KEY_UIApplicationSupportsIndirectInputEvents = YES;
				INFOPLIST_KEY_UILaunchScreen = "[:]";
				INFOPLIST_KEY_UIRequiresFullScreen = NO;
				INFOPLIST_KEY_UISupportedInterfaceOrientations = "UIInterfaceOrientationPortrait UIInterfaceOrientationLandscapeLeft UIInterfaceOrientationLandscapeRight";
				INFOPLIST_KEY_UISupportedInterfaceOrientations_iPad = "UIInterfaceOrientationPortrait UIInterfaceOrientationPortraitUpsideDown UIInterfaceOrientationLandscapeLeft UIInterfaceOrientationLandscapeRight";
				LD_RUNPATH_SEARCH_PATHS = (
					"$(inherited)",
					"@executable_path/Frameworks",
				);
				PRODUCT_BUNDLE_IDENTIFIER = com.terratread.viewer;
				SDKROOT = iphoneos;
				TARGETED_DEVICE_FAMILY = "1,2";
			};
			name = Release;
		};
		DF54931A3032F7289174EE28 /* Debug */ = {
			isa = XCBuildConfiguration;
			buildSettings = {
				ALWAYS_SEARCH_USER_PATHS = NO;
				ASSETCATALOG_COMPILER_APPICON_NAME = AppIcon;
				CLANG_ANALYZER_NONNULL = YES;
				CLANG_ANALYZER_NUMBER_OBJECT_CONVERSION = YES_AGGRESSIVE;
				CLANG_CXX_LANGUAGE_STANDARD = "gnu++14";
				CLANG_CXX_LIBRARY = "libc++";
				CLANG_ENABLE_MODULES = YES;
				CLANG_ENABLE_OBJC_ARC = YES;
				CLANG_ENABLE_OBJC_WEAK = YES;
				CLANG_WARN_BLOCK_CAPTURE_AUTORELEASING = YES;
				CLANG_WARN_BOOL_CONVERSION = YES;
				CLANG_WARN_COMMA = YES;
				CLANG_WARN_CONSTANT_CONVERSION = YES;
				CLANG_WARN_DEPRECATED_OBJC_IMPLEMENTATIONS = YES;
				CLANG_WARN_DIRECT_OBJC_ISA_USAGE = YES_ERROR;
				CLANG_WARN_DOCUMENTATION_COMMENTS = YES;
				CLANG_WARN_EMPTY_BODY = YES;
				CLANG_WARN_ENUM_CONVERSION = YES;
				CLANG_WARN_INFINITE_RECURSION = YES;
				CLANG_WARN_INT_CONVERSION = YES;
				CLANG_WARN_NON_LITERAL_NULL_CONVERSION = YES;
				CLANG_WARN_OBJC_IMPLICIT_RETAIN_SELF = YES;
				CLANG_WARN_OBJC_LITERAL_CONVERSION = YES;
				CLANG_WARN_OBJC_ROOT_CLASS = YES_ERROR;
				CLANG_WARN_QUOTED_INCLUDE_IN_FRAMEWORK_HEADER = YES;
				CLANG_WARN_RANGE_LOOP_ANALYSIS = YES;
				CLANG_WARN_STRICT_PROTOTYPES = YES;
				CLANG_WARN_SUSPICIOUS_MOVE = YES;
				CLANG_WARN_UNGUARDED_AVAILABILITY = YES_AGGRESSIVE;
				CLANG_WARN_UNREACHABLE_CODE = YES;
				CLANG_WARN__DUPLICATE_METHOD_MATCH = YES;
				CODE_SIGN_STYLE = Automatic;
				COPY_PHASE_STRIP = NO;
				CURRENT_PROJECT_VERSION = 1;
				DEBUG_INFORMATION_FORMAT = dwarf;
				DEVELOPMENT_TEAM = "";
				ENABLE_PREVIEWS = YES;
				ENABLE_STRICT_OBJC_MSGSEND = YES;
				ENABLE_TESTABILITY = YES;
				GCC_C_LANGUAGE_STANDARD = gnu11;
				GCC_DYNAMIC_NO_PIC = NO;
				GCC_NO_COMMON_BLOCKS = YES;
				GCC_OPTIMIZATION_LEVEL = 0;
				GCC_PREPROCESSOR_DEFINITIONS = (
					"$(inherited)",
					"DEBUG=1",
				);
				GCC_WARN_64_TO_32_BIT_CONVERSION = YES;
				GCC_WARN_ABOUT_RETURN_TYPE = YES_ERROR;
				GCC_WARN_UNDECLARED_SELECTOR = YES;
				GCC_WARN_UNINITIALIZED_AUTOS = YES_AGGRESSIVE;
				GCC_WARN_UNUSED_FUNCTION = YES;
				GCC_WARN_UNUSED_VARIABLE = YES;
				INFOPLIST_FILE = TerraTreadViewer/Info.plist;
				IPHONEOS_DEPLOYMENT_TARGET = 17.0;
				MARKETING_VERSION = 1.0;
				MTL_ENABLE_DEBUG_INFO = INCLUDE_SOURCE;
				MTL_FAST_MATH = YES;
				ONLY_ACTIVE_ARCH = YES;
				PRODUCT_BUNDLE_IDENTIFIER = com.terratread.viewer;
				PRODUCT_NAME = TerraTreadViewer;
				SDKROOT = iphoneos;
				SUPPORTS_MACCATALYST = NO;
				SWIFT_ACTIVE_COMPILATION_CONDITIONS = DEBUG;
				SWIFT_OPTIMIZATION_LEVEL = "-Onone";
				SWIFT_VERSION = 6.0;
				TARGETED_DEVICE_FAMILY = "1,2";
			};
			name = Debug;
		};
/* End XCBuildConfiguration section */

/* Begin XCConfigurationList section */
		0BB8276ED76E69439F8CA97A /* Build configuration list for PBXNativeTarget "TerraTreadViewer" */ = {
			isa = XCConfigurationList;
			buildConfigurations = (
				811020A77B0CCEB0AD13ED03 /* Debug */,
				8BD6F6062F557ADBEE550856 /* Release */,
			);
			defaultConfigurationIsVisible = 0;
			defaultConfigurationName = Debug;
		};
		C3C428131598F3E656539715 /* Build configuration list for PBXProject "TerraTreadViewer" */ = {
			isa = XCConfigurationList;
			buildConfigurations = (
				DF54931A3032F7289174EE28 /* Debug */,
				3FE3841260EEDA51BEB7D4C2 /* Release */,
			);
			defaultConfigurationIsVisible = 0;
			defaultConfigurationName = Debug;
		};
/* End XCConfigurationList section */
	};
	rootObject = 609AB633868CA3371EABF7A6 /* Project object */;
}
